
Microsoft Visual Studio Solution File, Format Version 12.00
# Visual Studio Version 16
VisualStudioVersion = 16.0.30804.86
MinimumVisualStudioVersion = 10.0.40219.1
Project("{9A19103F-16F7-4668-BE54-9A1E7A4F7556}") = "Entities", "Entities\Entities.csproj", "{755C52BF-D015-4630-B7CB-C0AA647EFFD0}"
EndProject
Project("{9A19103F-16F7-4668-BE54-9A1E7A4F7556}") = "DataAccess", "DataAccess\DataAccess.csproj", "{663EA2A5-5555-4FF5-B9F5-981ECC5F8DA7}"
EndProject
Project("{9A19103F-16F7-4668-BE54-9A1E7A4F7556}") = "Business", "Business\Business.csproj", "{ABF255D6-ED0E-46B5-B0F6-A8D0C8B193A7}"
EndProject
Project("{9A19103F-16F7-4668-BE54-9A1E7A4F7556}") = "ConsoleUI", "ConsoleUI\ConsoleUI.csproj", "{316073DB-2633-4924-BB41-A7BAEC389110}"
EndProject
Project("{9A19103F-16F7-4668-BE54-9A1E7A4F7556}") = "Core", "Core\Core.csproj", "{8385BB0E-3433-4526-A5FA-670936B94EEB}"
EndProject
Project("{FAE04EC0-301F-11D3-BF4B-00C04F79EFBC}") = "WebAPI", "WebAPI\WebAPI.csproj", "{DF0C613F-C2EF-43E9-A522-82B139DD3FA6}"
EndProject
Global
	GlobalSection(SolutionConfigurationPlatforms) = preSolution
		Debug|Any CPU = Debug|Any CPU
		Release|Any CPU = Release|Any CPU
	EndGlobalSection
	GlobalSection(ProjectConfigurationPlatforms) = postSolution
		{755C52BF-D015-4630-B7CB-C0AA647EFFD0}.Debug|Any CPU.ActiveCfg = Debug|Any CPU
		{755C52BF-D015-4630-B7CB-C0AA647EFFD0}.Debug|Any CPU.Build.0 = Debug|Any CPU
		{755C52BF-D015-4630-B7CB-C0AA647EFFD0}.Release|Any CPU.ActiveCfg = Release|Any CPU
		{755C52BF-D015-4630-B7CB-C0AA647EFFD0}.Release|Any CPU.Build.0 = Release|Any CPU
		{663EA2A5-5555-4FF5-B9F5-981ECC5F8DA7}.Debug|Any CPU.ActiveCfg = Debug|Any CPU
		{663EA2A5-5555-4FF5-B9F5-981ECC5F8DA7}.Debug|Any CPU.Build.0 = Debug|Any CPU
		{663EA2A5-5555-4FF5-B9F5-981ECC5F8DA7}.Release|Any CPU.ActiveCfg = Release|Any CPU
		{663EA2A5-5555-4FF5-B9F5-981ECC5F8DA7}.Release|Any CPU.Build.0 = Release|Any CPU
		{ABF255D6-ED0E-46B5-B0F6-A8D0C8B193A7}.Debug|Any CPU.ActiveCfg = Debug|Any CPU
		{ABF255D6-ED0E-46B5-B0F6-A8D0C8B193A7}.Debug|Any CPU.Build.0 = Debug|Any CPU
		{ABF255D6-ED0E-46B5-B0F6-A8D0C8B193A7}.Release|Any CPU.ActiveCfg = Release|Any CPU
		{ABF255D6-ED0E-46B5-B0F6-A8D0C8B193A7}.Release|Any CPU.Build.0 = Release|Any CPU
		{316073DB-2633-4924-BB41-A7BAEC389110}.Debug|Any CPU.ActiveCfg = Debug|Any CPU
		{316073DB-2633-4924-BB41-A7BAEC389110}.Debug|Any CPU.Build.0 = Debug|Any CPU
		{316073DB-2633-4924-BB41-A7BAEC389110}.Release|Any CPU.ActiveCfg = Release|Any CPU
		{316073DB-2633-4924-BB41-A7BAEC389110}.Release|Any CPU.Build.0 = Release|Any CPU
		{8385BB0E-3433-4526-A5FA-670936B94EEB}.Debug|Any CPU.ActiveCfg = Debug|Any CPU
		{8385BB0E-3433-4526-A5FA-670936B94EEB}.Debug|Any CPU.Build.0 = Debug|Any CPU
		{8385BB0E-3433-4526-A5FA-670936B94EEB}.Release|Any CPU.ActiveCfg = Release|Any CPU
		{8385BB0E-3433-4526-A5FA-670936B94EEB}.Release|Any CPU.Build.0 = Release|Any CPU
		{DF0C613F-C2EF-43E9-A522-82B139DD3FA6}.Debug|Any CPU.ActiveCfg = Debug|Any CPU
		{DF0C613F-C2EF-43E9-A522-82B139DD3FA6}.Debug|Any CPU.Build.0 = Debug|Any CPU
		{DF0C613F-C2EF-43E9-A522-82B139DD3FA6}.Release|Any CPU.ActiveCfg = Release|Any CPU
		{DF0C613F-C2EF-43E9-A522-82B139DD3FA6}.Release|Any CPU.Build.0 = Release|Any CPU
	EndGlobalSection
	GlobalSection(SolutionProperties) = preSolution
		HideSolutionNode = FALSE
	EndGlobalSection
	GlobalSection(ExtensibilityGlobals) = postSolution
		SolutionGuid = {FFE74EB0-67ED-43EC-9BD2-BE959B14FE4E}
	EndGlobalSection
EndGlobal
